
Microsoft Visual Studio Solution File, Format Version 12.00
# Visual Studio 15
VisualStudioVersion = 15.0.27130.2024
MinimumVisualStudioVersion = 10.0.40219.1
Project("{8BC9CEB8-8B4A-11D0-8D11-00A0C91BC942}") = "6.1", "6.1.vcxproj", "{909CF13C-3D0A-4CC0-AE1E-04A4D6EB057C}"
EndProject
Global
	GlobalSection(SolutionConfigurationPlatforms) = preSolution
		Debug|x64 = Debug|x64
		Debug|x86 = Debug|x86
		Release|x64 = Release|x64
		Release|x86 = Release|x86
	EndGlobalSection
	GlobalSection(ProjectConfigurationPlatforms) = postSolution
		{909CF13C-3D0A-4CC0-AE1E-04A4D6EB057C}.Debug|x64.ActiveCfg = Debug|x64
		{909CF13C-3D0A-4CC0-AE1E-04A4D6EB057C}.Debug|x64.Build.0 = Debug|x64
		{909CF13C-3D0A-4CC0-AE1E-04A4D6EB057C}.Debug|x86.ActiveCfg = Debug|Win32
		{909CF13C-3D0A-4CC0-AE1E-04A4D6EB057C}.Debug|x86.Build.0 = Debug|Win32
		{909CF13C-3D0A-4CC0-AE1E-04A4D6EB057C}.Release|x64.ActiveCfg = Release|x64
		{909CF13C-3D0A-4CC0-AE1E-04A4D6EB057C}.Release|x64.Build.0 = Release|x64
		{909CF13C-3D0A-4CC0-AE1E-04A4D6EB057C}.Release|x86.ActiveCfg = Release|Win32
		{909CF13C-3D0A-4CC0-AE1E-04A4D6EB057C}.Release|x86.Build.0 = Release|Win32
	EndGlobalSection
	GlobalSection(SolutionProperties) = preSolution
		HideSolutionNode = FALSE
	EndGlobalSection
	GlobalSection(ExtensibilityGlobals) = postSolution
		SolutionGuid = {FC798500-4F81-4259-8E18-849791B16689}
	EndGlobalSection
EndGlobal
